
Microsoft Visual Studio Solution File, Format Version 12.00
# Visual Studio Version 17
VisualStudioVersion = 17.2.32630.192
MinimumVisualStudioVersion = 10.0.40219.1
Project("{9A19103F-16F7-4668-BE54-9A1E7A4F7556}") = "R5T.O0028", "R5T.O0028\R5T.O0028.csproj", "{BAA24626-241F-4296-8D31-2193FEE1B468}"
EndProject
Project("{2150E333-8FDC-42A3-9474-1A3956D46DE8}") = "_Dependencies", "_Dependencies", "{F65DFB57-E49F-47FD-903F-0E18B22928B8}"
EndProject
Project("{9A19103F-16F7-4668-BE54-9A1E7A4F7556}") = "R5T.T0131", "..\..\R5T.T0131\source\R5T.T0131\R5T.T0131.csproj", "{321A56EC-B2C5-4C73-9F39-0B2851AF09B7}"
EndProject
Project("{9A19103F-16F7-4668-BE54-9A1E7A4F7556}") = "R5T.T0132", "..\..\R5T.T0132\source\R5T.T0132\R5T.T0132.csproj", "{9A5788CF-CCF6-4084-9170-CDA882164E67}"
EndProject
Project("{9A19103F-16F7-4668-BE54-9A1E7A4F7556}") = "R5T.T0143", "..\..\R5T.T0143\source\R5T.T0143\R5T.T0143.csproj", "{162C2FCF-634F-41F8-87EA-B27F0128CEA3}"
EndProject
Project("{9A19103F-16F7-4668-BE54-9A1E7A4F7556}") = "R5T.T0178", "..\..\R5T.T0178\source\R5T.T0178\R5T.T0178.csproj", "{1E35F80A-388B-4249-AF0F-55822E2E987C}"
EndProject
Project("{9A19103F-16F7-4668-BE54-9A1E7A4F7556}") = "R5T.T0179", "..\..\R5T.T0179\source\R5T.T0179\R5T.T0179.csproj", "{5F1DD1C9-8EAD-46FC-9EC2-56649A9B4E5A}"
EndProject
Project("{9A19103F-16F7-4668-BE54-9A1E7A4F7556}") = "R5T.T0184", "..\..\R5T.T0184\source\R5T.T0184\R5T.T0184.csproj", "{C9A1388B-DDFF-45D9-9FDF-4A1EA0B8956A}"
EndProject
Project("{9A19103F-16F7-4668-BE54-9A1E7A4F7556}") = "R5T.T0185", "..\..\R5T.T0185\source\R5T.T0185\R5T.T0185.csproj", "{68BCF595-3B20-4B03-A44B-FDC8A1C38119}"
EndProject
Project("{9A19103F-16F7-4668-BE54-9A1E7A4F7556}") = "R5T.T0222", "..\..\R5T.T0222\source\R5T.T0222\R5T.T0222.csproj", "{0A2B06B7-A3A4-4ADE-A605-6CFA34684866}"
EndProject
Project("{9A19103F-16F7-4668-BE54-9A1E7A4F7556}") = "R5T.F0000", "..\..\R5T.F0000\source\R5T.F0000\R5T.F0000.csproj", "{F139334C-C3D5-4805-A352-F36B4CC646E8}"
EndProject
Project("{9A19103F-16F7-4668-BE54-9A1E7A4F7556}") = "R5T.NG0006", "..\..\R5T.NG0006\source\R5T.NG0006\R5T.NG0006.csproj", "{CE6B10A7-57E9-468B-BE5C-63FB3B64D4D5}"
EndProject
Project("{9A19103F-16F7-4668-BE54-9A1E7A4F7556}") = "R5T.T0142", "..\..\R5T.T0142\source\R5T.T0142\R5T.T0142.csproj", "{38D983A7-AE3D-4B03-8BE7-00F50CF0CF39}"
EndProject
Project("{9A19103F-16F7-4668-BE54-9A1E7A4F7556}") = "R5T.T0156", "..\..\R5T.T0156\source\R5T.T0156\R5T.T0156.csproj", "{B7563DEE-4E94-4BF5-9A3F-9C4D3944D8B6}"
EndProject
Project("{9A19103F-16F7-4668-BE54-9A1E7A4F7556}") = "R5T.T0158", "..\..\R5T.T0158\source\R5T.T0158\R5T.T0158.csproj", "{B774F0B0-643F-4C0E-9849-EAAA1FBDD62F}"
EndProject
Project("{9A19103F-16F7-4668-BE54-9A1E7A4F7556}") = "R5T.T0159", "..\..\R5T.T0159\source\R5T.T0159\R5T.T0159.csproj", "{0333CDAD-C4A7-47DE-A151-74D908E27A43}"
EndProject
Project("{9A19103F-16F7-4668-BE54-9A1E7A4F7556}") = "R5T.Y0000", "..\..\R5T.Y0000\source\R5T.Y0000\R5T.Y0000.csproj", "{F8F1B794-997F-43DB-BFDF-01D64BDD9F70}"
EndProject
Project("{9A19103F-16F7-4668-BE54-9A1E7A4F7556}") = "R5T.Z0000", "..\..\R5T.Z0000\source\R5T.Z0000\R5T.Z0000.csproj", "{B725932B-C50B-4563-881C-CD2DD078930F}"
EndProject
Project("{9A19103F-16F7-4668-BE54-9A1E7A4F7556}") = "R5T.F0002", "..\..\R5T.F0002\source\R5T.F0002\R5T.F0002.csproj", "{BAEEB268-A3C3-451B-99F4-6082AF4EE46B}"
EndProject
Project("{9A19103F-16F7-4668-BE54-9A1E7A4F7556}") = "R5T.F0120", "..\..\R5T.F0120\source\R5T.F0120\R5T.F0120.csproj", "{1274117C-4241-4A05-B95B-3A8E98C294F9}"
EndProject
Project("{9A19103F-16F7-4668-BE54-9A1E7A4F7556}") = "R5T.F0124", "..\..\R5T.F0124\source\R5T.F0124\R5T.F0124.csproj", "{9AC239C5-13B7-4C2A-8E03-39D64DFFABA0}"
EndProject
Project("{9A19103F-16F7-4668-BE54-9A1E7A4F7556}") = "R5T.NG0022", "..\..\R5T.NG0022\source\R5T.NG0022\R5T.NG0022.csproj", "{B1D83488-C703-4E38-B271-153E05857001}"
EndProject
Project("{9A19103F-16F7-4668-BE54-9A1E7A4F7556}") = "R5T.T0174", "..\..\R5T.T0174\source\R5T.T0174\R5T.T0174.csproj", "{DA4ED2E6-D3D5-4EE4-9587-EB5EAF54C34B}"
EndProject
Project("{9A19103F-16F7-4668-BE54-9A1E7A4F7556}") = "R5T.T0176", "..\..\R5T.T0176\source\R5T.T0176\R5T.T0176.csproj", "{BDBB1D91-40EA-4174-84F8-D4B3D69578D4}"
EndProject
Project("{9A19103F-16F7-4668-BE54-9A1E7A4F7556}") = "R5T.T0177", "..\..\R5T.T0177\source\R5T.T0177\R5T.T0177.csproj", "{7189013B-9365-4B89-9BA0-7B06E905E55D}"
EndProject
Project("{9A19103F-16F7-4668-BE54-9A1E7A4F7556}") = "R5T.T0180", "..\..\R5T.T0180\source\R5T.T0180\R5T.T0180.csproj", "{9254C963-4815-453E-9056-C8C3FDCFD3D1}"
EndProject
Project("{9A19103F-16F7-4668-BE54-9A1E7A4F7556}") = "R5T.T0181", "..\..\R5T.T0181\source\R5T.T0181\R5T.T0181.csproj", "{F0FB25B6-7BE5-4256-A722-70407A4C042A}"
EndProject
Project("{9A19103F-16F7-4668-BE54-9A1E7A4F7556}") = "R5T.T0198", "..\..\R5T.T0198\source\R5T.T0198\R5T.T0198.csproj", "{98632927-5A88-49E2-96A9-52BA51A97CF3}"
EndProject
Project("{9A19103F-16F7-4668-BE54-9A1E7A4F7556}") = "R5T.T0199", "..\..\R5T.T0199\source\R5T.T0199\R5T.T0199.csproj", "{FBE3284E-F3AF-4795-AECF-D67A7F59ADE7}"
EndProject
Project("{9A19103F-16F7-4668-BE54-9A1E7A4F7556}") = "R5T.T0220", "..\..\R5T.T0220\source\R5T.T0220\R5T.T0220.csproj", "{E97D8408-8D5A-4E1B-8569-8F5C8504FDDB}"
EndProject
Project("{9A19103F-16F7-4668-BE54-9A1E7A4F7556}") = "R5T.T0221", "..\..\R5T.T0221\source\R5T.T0221\R5T.T0221.csproj", "{C17FC465-854B-4040-89EC-21A457B48BE2}"
EndProject
Project("{9A19103F-16F7-4668-BE54-9A1E7A4F7556}") = "R5T.T0200", "..\..\R5T.T0200\source\R5T.T0200\R5T.T0200.csproj", "{D2A11A63-B45B-4577-978A-9761A1084A21}"
EndProject
Global
	GlobalSection(NestedProjects) = preSolution
		{321A56EC-B2C5-4C73-9F39-0B2851AF09B7} = {F65DFB57-E49F-47FD-903F-0E18B22928B8}
		{9A5788CF-CCF6-4084-9170-CDA882164E67} = {F65DFB57-E49F-47FD-903F-0E18B22928B8}
		{162C2FCF-634F-41F8-87EA-B27F0128CEA3} = {F65DFB57-E49F-47FD-903F-0E18B22928B8}
		{1E35F80A-388B-4249-AF0F-55822E2E987C} = {F65DFB57-E49F-47FD-903F-0E18B22928B8}
		{5F1DD1C9-8EAD-46FC-9EC2-56649A9B4E5A} = {F65DFB57-E49F-47FD-903F-0E18B22928B8}
		{C9A1388B-DDFF-45D9-9FDF-4A1EA0B8956A} = {F65DFB57-E49F-47FD-903F-0E18B22928B8}
		{68BCF595-3B20-4B03-A44B-FDC8A1C38119} = {F65DFB57-E49F-47FD-903F-0E18B22928B8}
		{0A2B06B7-A3A4-4ADE-A605-6CFA34684866} = {F65DFB57-E49F-47FD-903F-0E18B22928B8}
		{F139334C-C3D5-4805-A352-F36B4CC646E8} = {F65DFB57-E49F-47FD-903F-0E18B22928B8}
		{CE6B10A7-57E9-468B-BE5C-63FB3B64D4D5} = {F65DFB57-E49F-47FD-903F-0E18B22928B8}
		{38D983A7-AE3D-4B03-8BE7-00F50CF0CF39} = {F65DFB57-E49F-47FD-903F-0E18B22928B8}
		{B7563DEE-4E94-4BF5-9A3F-9C4D3944D8B6} = {F65DFB57-E49F-47FD-903F-0E18B22928B8}
		{B774F0B0-643F-4C0E-9849-EAAA1FBDD62F} = {F65DFB57-E49F-47FD-903F-0E18B22928B8}
		{0333CDAD-C4A7-47DE-A151-74D908E27A43} = {F65DFB57-E49F-47FD-903F-0E18B22928B8}
		{F8F1B794-997F-43DB-BFDF-01D64BDD9F70} = {F65DFB57-E49F-47FD-903F-0E18B22928B8}
		{B725932B-C50B-4563-881C-CD2DD078930F} = {F65DFB57-E49F-47FD-903F-0E18B22928B8}
		{BAEEB268-A3C3-451B-99F4-6082AF4EE46B} = {F65DFB57-E49F-47FD-903F-0E18B22928B8}
		{1274117C-4241-4A05-B95B-3A8E98C294F9} = {F65DFB57-E49F-47FD-903F-0E18B22928B8}
		{9AC239C5-13B7-4C2A-8E03-39D64DFFABA0} = {F65DFB57-E49F-47FD-903F-0E18B22928B8}
		{B1D83488-C703-4E38-B271-153E05857001} = {F65DFB57-E49F-47FD-903F-0E18B22928B8}
		{DA4ED2E6-D3D5-4EE4-9587-EB5EAF54C34B} = {F65DFB57-E49F-47FD-903F-0E18B22928B8}
		{BDBB1D91-40EA-4174-84F8-D4B3D69578D4} = {F65DFB57-E49F-47FD-903F-0E18B22928B8}
		{7189013B-9365-4B89-9BA0-7B06E905E55D} = {F65DFB57-E49F-47FD-903F-0E18B22928B8}
		{9254C963-4815-453E-9056-C8C3FDCFD3D1} = {F65DFB57-E49F-47FD-903F-0E18B22928B8}
		{F0FB25B6-7BE5-4256-A722-70407A4C042A} = {F65DFB57-E49F-47FD-903F-0E18B22928B8}
		{98632927-5A88-49E2-96A9-52BA51A97CF3} = {F65DFB57-E49F-47FD-903F-0E18B22928B8}
		{FBE3284E-F3AF-4795-AECF-D67A7F59ADE7} = {F65DFB57-E49F-47FD-903F-0E18B22928B8}
		{E97D8408-8D5A-4E1B-8569-8F5C8504FDDB} = {F65DFB57-E49F-47FD-903F-0E18B22928B8}
		{C17FC465-854B-4040-89EC-21A457B48BE2} = {F65DFB57-E49F-47FD-903F-0E18B22928B8}
		{D2A11A63-B45B-4577-978A-9761A1084A21} = {F65DFB57-E49F-47FD-903F-0E18B22928B8}
	EndGlobalSection
	GlobalSection(SolutionConfigurationPlatforms) = preSolution
		Debug|Any CPU = Debug|Any CPU
		Release|Any CPU = Release|Any CPU
	EndGlobalSection
	GlobalSection(ProjectConfigurationPlatforms) = postSolution
		{BAA24626-241F-4296-8D31-2193FEE1B468}.Debug|Any CPU.ActiveCfg = Debug|Any CPU
		{BAA24626-241F-4296-8D31-2193FEE1B468}.Debug|Any CPU.Build.0 = Debug|Any CPU
		{BAA24626-241F-4296-8D31-2193FEE1B468}.Release|Any CPU.ActiveCfg = Release|Any CPU
		{BAA24626-241F-4296-8D31-2193FEE1B468}.Release|Any CPU.Build.0 = Release|Any CPU
		{321A56EC-B2C5-4C73-9F39-0B2851AF09B7}.Debug|Any CPU.ActiveCfg = Debug|Any CPU
		{321A56EC-B2C5-4C73-9F39-0B2851AF09B7}.Debug|Any CPU.Build.0 = Debug|Any CPU
		{321A56EC-B2C5-4C73-9F39-0B2851AF09B7}.Release|Any CPU.ActiveCfg = Release|Any CPU
		{321A56EC-B2C5-4C73-9F39-0B2851AF09B7}.Release|Any CPU.Build.0 = Release|Any CPU
		{9A5788CF-CCF6-4084-9170-CDA882164E67}.Debug|Any CPU.ActiveCfg = Debug|Any CPU
		{9A5788CF-CCF6-4084-9170-CDA882164E67}.Debug|Any CPU.Build.0 = Debug|Any CPU
		{9A5788CF-CCF6-4084-9170-CDA882164E67}.Release|Any CPU.ActiveCfg = Release|Any CPU
		{9A5788CF-CCF6-4084-9170-CDA882164E67}.Release|Any CPU.Build.0 = Release|Any CPU
		{162C2FCF-634F-41F8-87EA-B27F0128CEA3}.Debug|Any CPU.ActiveCfg = Debug|Any CPU
		{162C2FCF-634F-41F8-87EA-B27F0128CEA3}.Debug|Any CPU.Build.0 = Debug|Any CPU
		{162C2FCF-634F-41F8-87EA-B27F0128CEA3}.Release|Any CPU.ActiveCfg = Release|Any CPU
		{162C2FCF-634F-41F8-87EA-B27F0128CEA3}.Release|Any CPU.Build.0 = Release|Any CPU
		{1E35F80A-388B-4249-AF0F-55822E2E987C}.Debug|Any CPU.ActiveCfg = Debug|Any CPU
		{1E35F80A-388B-4249-AF0F-55822E2E987C}.Debug|Any CPU.Build.0 = Debug|Any CPU
		{1E35F80A-388B-4249-AF0F-55822E2E987C}.Release|Any CPU.ActiveCfg = Release|Any CPU
		{1E35F80A-388B-4249-AF0F-55822E2E987C}.Release|Any CPU.Build.0 = Release|Any CPU
		{5F1DD1C9-8EAD-46FC-9EC2-56649A9B4E5A}.Debug|Any CPU.ActiveCfg = Debug|Any CPU
		{5F1DD1C9-8EAD-46FC-9EC2-56649A9B4E5A}.Debug|Any CPU.Build.0 = Debug|Any CPU
		{5F1DD1C9-8EAD-46FC-9EC2-56649A9B4E5A}.Release|Any CPU.ActiveCfg = Release|Any CPU
		{5F1DD1C9-8EAD-46FC-9EC2-56649A9B4E5A}.Release|Any CPU.Build.0 = Release|Any CPU
		{C9A1388B-DDFF-45D9-9FDF-4A1EA0B8956A}.Debug|Any CPU.ActiveCfg = Debug|Any CPU
		{C9A1388B-DDFF-45D9-9FDF-4A1EA0B8956A}.Debug|Any CPU.Build.0 = Debug|Any CPU
		{C9A1388B-DDFF-45D9-9FDF-4A1EA0B8956A}.Release|Any CPU.ActiveCfg = Release|Any CPU
		{C9A1388B-DDFF-45D9-9FDF-4A1EA0B8956A}.Release|Any CPU.Build.0 = Release|Any CPU
		{68BCF595-3B20-4B03-A44B-FDC8A1C38119}.Debug|Any CPU.ActiveCfg = Debug|Any CPU
		{68BCF595-3B20-4B03-A44B-FDC8A1C38119}.Debug|Any CPU.Build.0 = Debug|Any CPU
		{68BCF595-3B20-4B03-A44B-FDC8A1C38119}.Release|Any CPU.ActiveCfg = Release|Any CPU
		{68BCF595-3B20-4B03-A44B-FDC8A1C38119}.Release|Any CPU.Build.0 = Release|Any CPU
		{0A2B06B7-A3A4-4ADE-A605-6CFA34684866}.Debug|Any CPU.ActiveCfg = Debug|Any CPU
		{0A2B06B7-A3A4-4ADE-A605-6CFA34684866}.Debug|Any CPU.Build.0 = Debug|Any CPU
		{0A2B06B7-A3A4-4ADE-A605-6CFA34684866}.Release|Any CPU.ActiveCfg = Release|Any CPU
		{0A2B06B7-A3A4-4ADE-A605-6CFA34684866}.Release|Any CPU.Build.0 = Release|Any CPU
		{F139334C-C3D5-4805-A352-F36B4CC646E8}.Debug|Any CPU.ActiveCfg = Debug|Any CPU
		{F139334C-C3D5-4805-A352-F36B4CC646E8}.Debug|Any CPU.Build.0 = Debug|Any CPU
		{F139334C-C3D5-4805-A352-F36B4CC646E8}.Release|Any CPU.ActiveCfg = Release|Any CPU
		{F139334C-C3D5-4805-A352-F36B4CC646E8}.Release|Any CPU.Build.0 = Release|Any CPU
		{CE6B10A7-57E9-468B-BE5C-63FB3B64D4D5}.Debug|Any CPU.ActiveCfg = Debug|Any CPU
		{CE6B10A7-57E9-468B-BE5C-63FB3B64D4D5}.Debug|Any CPU.Build.0 = Debug|Any CPU
		{CE6B10A7-57E9-468B-BE5C-63FB3B64D4D5}.Release|Any CPU.ActiveCfg = Release|Any CPU
		{CE6B10A7-57E9-468B-BE5C-63FB3B64D4D5}.Release|Any CPU.Build.0 = Release|Any CPU
		{38D983A7-AE3D-4B03-8BE7-00F50CF0CF39}.Debug|Any CPU.ActiveCfg = Debug|Any CPU
		{38D983A7-AE3D-4B03-8BE7-00F50CF0CF39}.Debug|Any CPU.Build.0 = Debug|Any CPU
		{38D983A7-AE3D-4B03-8BE7-00F50CF0CF39}.Release|Any CPU.ActiveCfg = Release|Any CPU
		{38D983A7-AE3D-4B03-8BE7-00F50CF0CF39}.Release|Any CPU.Build.0 = Release|Any CPU
		{B7563DEE-4E94-4BF5-9A3F-9C4D3944D8B6}.Debug|Any CPU.ActiveCfg = Debug|Any CPU
		{B7563DEE-4E94-4BF5-9A3F-9C4D3944D8B6}.Debug|Any CPU.Build.0 = Debug|Any CPU
		{B7563DEE-4E94-4BF5-9A3F-9C4D3944D8B6}.Release|Any CPU.ActiveCfg = Release|Any CPU
		{B7563DEE-4E94-4BF5-9A3F-9C4D3944D8B6}.Release|Any CPU.Build.0 = Release|Any CPU
		{B774F0B0-643F-4C0E-9849-EAAA1FBDD62F}.Debug|Any CPU.ActiveCfg = Debug|Any CPU
		{B774F0B0-643F-4C0E-9849-EAAA1FBDD62F}.Debug|Any CPU.Build.0 = Debug|Any CPU
		{B774F0B0-643F-4C0E-9849-EAAA1FBDD62F}.Release|Any CPU.ActiveCfg = Release|Any CPU
		{B774F0B0-643F-4C0E-9849-EAAA1FBDD62F}.Release|Any CPU.Build.0 = Release|Any CPU
		{0333CDAD-C4A7-47DE-A151-74D908E27A43}.Debug|Any CPU.ActiveCfg = Debug|Any CPU
		{0333CDAD-C4A7-47DE-A151-74D908E27A43}.Debug|Any CPU.Build.0 = Debug|Any CPU
		{0333CDAD-C4A7-47DE-A151-74D908E27A43}.Release|Any CPU.ActiveCfg = Release|Any CPU
		{0333CDAD-C4A7-47DE-A151-74D908E27A43}.Release|Any CPU.Build.0 = Release|Any CPU
		{F8F1B794-997F-43DB-BFDF-01D64BDD9F70}.Debug|Any CPU.ActiveCfg = Debug|Any CPU
		{F8F1B794-997F-43DB-BFDF-01D64BDD9F70}.Debug|Any CPU.Build.0 = Debug|Any CPU
		{F8F1B794-997F-43DB-BFDF-01D64BDD9F70}.Release|Any CPU.ActiveCfg = Release|Any CPU
		{F8F1B794-997F-43DB-BFDF-01D64BDD9F70}.Release|Any CPU.Build.0 = Release|Any CPU
		{B725932B-C50B-4563-881C-CD2DD078930F}.Debug|Any CPU.ActiveCfg = Debug|Any CPU
		{B725932B-C50B-4563-881C-CD2DD078930F}.Debug|Any CPU.Build.0 = Debug|Any CPU
		{B725932B-C50B-4563-881C-CD2DD078930F}.Release|Any CPU.ActiveCfg = Release|Any CPU
		{B725932B-C50B-4563-881C-CD2DD078930F}.Release|Any CPU.Build.0 = Release|Any CPU
		{BAEEB268-A3C3-451B-99F4-6082AF4EE46B}.Debug|Any CPU.ActiveCfg = Debug|Any CPU
		{BAEEB268-A3C3-451B-99F4-6082AF4EE46B}.Debug|Any CPU.Build.0 = Debug|Any CPU
		{BAEEB268-A3C3-451B-99F4-6082AF4EE46B}.Release|Any CPU.ActiveCfg = Release|Any CPU
		{BAEEB268-A3C3-451B-99F4-6082AF4EE46B}.Release|Any CPU.Build.0 = Release|Any CPU
		{1274117C-4241-4A05-B95B-3A8E98C294F9}.Debug|Any CPU.ActiveCfg = Debug|Any CPU
		{1274117C-4241-4A05-B95B-3A8E98C294F9}.Debug|Any CPU.Build.0 = Debug|Any CPU
		{1274117C-4241-4A05-B95B-3A8E98C294F9}.Release|Any CPU.ActiveCfg = Release|Any CPU
		{1274117C-4241-4A05-B95B-3A8E98C294F9}.Release|Any CPU.Build.0 = Release|Any CPU
		{9AC239C5-13B7-4C2A-8E03-39D64DFFABA0}.Debug|Any CPU.ActiveCfg = Debug|Any CPU
		{9AC239C5-13B7-4C2A-8E03-39D64DFFABA0}.Debug|Any CPU.Build.0 = Debug|Any CPU
		{9AC239C5-13B7-4C2A-8E03-39D64DFFABA0}.Release|Any CPU.ActiveCfg = Release|Any CPU
		{9AC239C5-13B7-4C2A-8E03-39D64DFFABA0}.Release|Any CPU.Build.0 = Release|Any CPU
		{B1D83488-C703-4E38-B271-153E05857001}.Debug|Any CPU.ActiveCfg = Debug|Any CPU
		{B1D83488-C703-4E38-B271-153E05857001}.Debug|Any CPU.Build.0 = Debug|Any CPU
		{B1D83488-C703-4E38-B271-153E05857001}.Release|Any CPU.ActiveCfg = Release|Any CPU
		{B1D83488-C703-4E38-B271-153E05857001}.Release|Any CPU.Build.0 = Release|Any CPU
		{DA4ED2E6-D3D5-4EE4-9587-EB5EAF54C34B}.Debug|Any CPU.ActiveCfg = Debug|Any CPU
		{DA4ED2E6-D3D5-4EE4-9587-EB5EAF54C34B}.Debug|Any CPU.Build.0 = Debug|Any CPU
		{DA4ED2E6-D3D5-4EE4-9587-EB5EAF54C34B}.Release|Any CPU.ActiveCfg = Release|Any CPU
		{DA4ED2E6-D3D5-4EE4-9587-EB5EAF54C34B}.Release|Any CPU.Build.0 = Release|Any CPU
		{BDBB1D91-40EA-4174-84F8-D4B3D69578D4}.Debug|Any CPU.ActiveCfg = Debug|Any CPU
		{BDBB1D91-40EA-4174-84F8-D4B3D69578D4}.Debug|Any CPU.Build.0 = Debug|Any CPU
		{BDBB1D91-40EA-4174-84F8-D4B3D69578D4}.Release|Any CPU.ActiveCfg = Release|Any CPU
		{BDBB1D91-40EA-4174-84F8-D4B3D69578D4}.Release|Any CPU.Build.0 = Release|Any CPU
		{7189013B-9365-4B89-9BA0-7B06E905E55D}.Debug|Any CPU.ActiveCfg = Debug|Any CPU
		{7189013B-9365-4B89-9BA0-7B06E905E55D}.Debug|Any CPU.Build.0 = Debug|Any CPU
		{7189013B-9365-4B89-9BA0-7B06E905E55D}.Release|Any CPU.ActiveCfg = Release|Any CPU
		{7189013B-9365-4B89-9BA0-7B06E905E55D}.Release|Any CPU.Build.0 = Release|Any CPU
		{9254C963-4815-453E-9056-C8C3FDCFD3D1}.Debug|Any CPU.ActiveCfg = Debug|Any CPU
		{9254C963-4815-453E-9056-C8C3FDCFD3D1}.Debug|Any CPU.Build.0 = Debug|Any CPU
		{9254C963-4815-453E-9056-C8C3FDCFD3D1}.Release|Any CPU.ActiveCfg = Release|Any CPU
		{9254C963-4815-453E-9056-C8C3FDCFD3D1}.Release|Any CPU.Build.0 = Release|Any CPU
		{F0FB25B6-7BE5-4256-A722-70407A4C042A}.Debug|Any CPU.ActiveCfg = Debug|Any CPU
		{F0FB25B6-7BE5-4256-A722-70407A4C042A}.Debug|Any CPU.Build.0 = Debug|Any CPU
		{F0FB25B6-7BE5-4256-A722-70407A4C042A}.Release|Any CPU.ActiveCfg = Release|Any CPU
		{F0FB25B6-7BE5-4256-A722-70407A4C042A}.Release|Any CPU.Build.0 = Release|Any CPU
		{98632927-5A88-49E2-96A9-52BA51A97CF3}.Debug|Any CPU.ActiveCfg = Debug|Any CPU
		{98632927-5A88-49E2-96A9-52BA51A97CF3}.Debug|Any CPU.Build.0 = Debug|Any CPU
		{98632927-5A88-49E2-96A9-52BA51A97CF3}.Release|Any CPU.ActiveCfg = Release|Any CPU
		{98632927-5A88-49E2-96A9-52BA51A97CF3}.Release|Any CPU.Build.0 = Release|Any CPU
		{FBE3284E-F3AF-4795-AECF-D67A7F59ADE7}.Debug|Any CPU.ActiveCfg = Debug|Any CPU
		{FBE3284E-F3AF-4795-AECF-D67A7F59ADE7}.Debug|Any CPU.Build.0 = Debug|Any CPU
		{FBE3284E-F3AF-4795-AECF-D67A7F59ADE7}.Release|Any CPU.ActiveCfg = Release|Any CPU
		{FBE3284E-F3AF-4795-AECF-D67A7F59ADE7}.Release|Any CPU.Build.0 = Release|Any CPU
		{E97D8408-8D5A-4E1B-8569-8F5C8504FDDB}.Debug|Any CPU.ActiveCfg = Debug|Any CPU
		{E97D8408-8D5A-4E1B-8569-8F5C8504FDDB}.Debug|Any CPU.Build.0 = Debug|Any CPU
		{E97D8408-8D5A-4E1B-8569-8F5C8504FDDB}.Release|Any CPU.ActiveCfg = Release|Any CPU
		{E97D8408-8D5A-4E1B-8569-8F5C8504FDDB}.Release|Any CPU.Build.0 = Release|Any CPU
		{C17FC465-854B-4040-89EC-21A457B48BE2}.Debug|Any CPU.ActiveCfg = Debug|Any CPU
		{C17FC465-854B-4040-89EC-21A457B48BE2}.Debug|Any CPU.Build.0 = Debug|Any CPU
		{C17FC465-854B-4040-89EC-21A457B48BE2}.Release|Any CPU.ActiveCfg = Release|Any CPU
		{C17FC465-854B-4040-89EC-21A457B48BE2}.Release|Any CPU.Build.0 = Release|Any CPU
		{D2A11A63-B45B-4577-978A-9761A1084A21}.Debug|Any CPU.ActiveCfg = Debug|Any CPU
		{D2A11A63-B45B-4577-978A-9761A1084A21}.Debug|Any CPU.Build.0 = Debug|Any CPU
		{D2A11A63-B45B-4577-978A-9761A1084A21}.Release|Any CPU.ActiveCfg = Release|Any CPU
		{D2A11A63-B45B-4577-978A-9761A1084A21}.Release|Any CPU.Build.0 = Release|Any CPU
	EndGlobalSection
	GlobalSection(SolutionProperties) = preSolution
		HideSolutionNode = FALSE
	EndGlobalSection
	GlobalSection(ExtensibilityGlobals) = postSolution
		SolutionGuid = {CD4E1782-1077-4864-9BC2-F7C9EC6C0F20}
	EndGlobalSection
EndGlobal
